// !$*UTF8*$!
{
	archiveVersion = 1;
	classes = {
	};
	objectVersion = 46;
	objects = {

/* Begin PBXBuildFile section */
		25ACCCD719A8FC5000B8BCAA /* AppDelegate.swift in Sources */ = {isa = PBXBuildFile; fileRef = 25ACCCD619A8FC5000B8BCAA /* AppDelegate.swift */; };
		25ACCCD919A8FC5000B8BCAA /* ViewController.swift in Sources */ = {isa = PBXBuildFile; fileRef = 25ACCCD819A8FC5000B8BCAA /* ViewController.swift */; };
		25ACCCDC19A8FC5000B8BCAA /* Main.storyboard in Resources */ = {isa = PBXBuildFile; fileRef = 25ACCCDA19A8FC5000B8BCAA /* Main.storyboard */; };
		25ACCCDE19A8FC5000B8BCAA /* Images.xcassets in Resources */ = {isa = PBXBuildFile; fileRef = 25ACCCDD19A8FC5000B8BCAA /* Images.xcassets */; };
		25ACCCEA19A8FC5100B8BCAA /* Swift_TIp_CalculatorTests.swift in Sources */ = {isa = PBXBuildFile; fileRef = 25ACCCE919A8FC5100B8BCAA /* Swift_TIp_CalculatorTests.swift */; };
		25ACCCF419A97F2900B8BCAA /* SettingsViewController.swift in Sources */ = {isa = PBXBuildFile; fileRef = 25ACCCF319A97F2900B8BCAA /* SettingsViewController.swift */; };
/* End PBXBuildFile section */

/* Begin PBXContainerItemProxy section */
		25ACCCE419A8FC5100B8BCAA /* PBXContainerItemProxy */ = {
			isa = PBXContainerItemProxy;
			containerPortal = 25ACCCC919A8FC5000B8BCAA /* Project object */;
			proxyType = 1;
			remoteGlobalIDString = 25ACCCD019A8FC5000B8BCAA;
			remoteInfo = "Swift TIp Calculator";
		};
/* End PBXContainerItemProxy section */

/* Begin PBXFileReference section */
		25ACCCD119A8FC5000B8BCAA /* Swift TIp Calculator.app */ = {isa = PBXFileReference; explicitFileType = wrapper.application; includeInIndex = 0; path = "Swift TIp Calculator.app"; sourceTree = BUILT_PRODUCTS_DIR; };
		25ACCCD519A8FC5000B8BCAA /* Info.plist */ = {isa = PBXFileReference; lastKnownFileType = text.plist.xml; path = Info.plist; sourceTree = "<group>"; };
		25ACCCD619A8FC5000B8BCAA /* AppDelegate.swift */ = {isa = PBXFileReference; lastKnownFileType = sourcecode.swift; path = AppDelegate.swift; sourceTree = "<group>"; };
		25ACCCD819A8FC5000B8BCAA /* ViewController.swift */ = {isa = PBXFileReference; lastKnownFileType = sourcecode.swift; path = ViewController.swift; sourceTree = "<group>"; };
		25ACCCDB19A8FC5000B8BCAA /* Base */ = {isa = PBXFileReference; lastKnownFileType = file.storyboard; name = Base; path = Base.lproj/Main.storyboard; sourceTree = "<group>"; };
		25ACCCDD19A8FC5000B8BCAA /* Images.xcassets */ = {isa = PBXFileReference; lastKnownFileType = folder.assetcatalog; path = Images.xcassets; sourceTree = "<group>"; };
		25ACCCE319A8FC5100B8BCAA /* Swift TIp CalculatorTests.xctest */ = {isa = PBXFileReference; explicitFileType = wrapper.cfbundle; includeInIndex = 0; path = "Swift TIp CalculatorTests.xctest"; sourceTree = BUILT_PRODUCTS_DIR; };
		25ACCCE819A8FC5100B8BCAA /* Info.plist */ = {isa = PBXFileReference; lastKnownFileType = text.plist.xml; path = Info.plist; sourceTree = "<group>"; };
		25ACCCE919A8FC5100B8BCAA /* Swift_TIp_CalculatorTests.swift */ = {isa = PBXFileReference; lastKnownFileType = sourcecode.swift; path = Swift_TIp_CalculatorTests.swift; sourceTree = "<group>"; };
		25ACCCF319A97F2900B8BCAA /* SettingsViewController.swift */ = {isa = PBXFileReference; fileEncoding = 4; lastKnownFileType = sourcecode.swift; name = SettingsViewController.swift; path = ../SettingsViewController.swift; sourceTree = "<group>"; };
/* End PBXFileReference section */

/* Begin PBXFrameworksBuildPhase section */
		25ACCCCE19A8FC5000B8BCAA /* Frameworks */ = {
			isa = PBXFrameworksBuildPhase;
			buildActionMask = 2147483647;
			files = (
			);
			runOnlyForDeploymentPostprocessing = 0;
		};
		25ACCCE019A8FC5100B8BCAA /* Frameworks */ = {
			isa = PBXFrameworksBuildPhase;
			buildActionMask = 2147483647;
			files = (
			);
			runOnlyForDeploymentPostprocessing = 0;
		};
/* End PBXFrameworksBuildPhase section */

/* Begin PBXGroup section */
		25ACCCC819A8FC5000B8BCAA = {
			isa = PBXGroup;
			children = (
				25ACCCD319A8FC5000B8BCAA /* Swift TIp Calculator */,
				25ACCCE619A8FC5100B8BCAA /* Swift TIp CalculatorTests */,
				25ACCCD219A8FC5000B8BCAA /* Products */,
			);
			sourceTree = "<group>";
		};
		25ACCCD219A8FC5000B8BCAA /* Products */ = {
			isa = PBXGroup;
			children = (
				25ACCCD119A8FC5000B8BCAA /* Swift TIp Calculator.app */,
				25ACCCE319A8FC5100B8BCAA /* Swift TIp CalculatorTests.xctest */,
			);
			name = Products;
			sourceTree = "<group>";
		};
		25ACCCD319A8FC5000B8BCAA /* Swift TIp Calculator */ = {
			isa = PBXGroup;
			children = (
				25ACCCD619A8FC5000B8BCAA /* AppDelegate.swift */,
				25ACCCF319A97F2900B8BCAA /* SettingsViewController.swift */,
				25ACCCD819A8FC5000B8BCAA /* ViewController.swift */,
				25ACCCDA19A8FC5000B8BCAA /* Main.storyboard */,
				25ACCCDD19A8FC5000B8BCAA /* Images.xcassets */,
				25ACCCD419A8FC5000B8BCAA /* Supporting Files */,
			);
			path = "Swift TIp Calculator";
			sourceTree = "<group>";
		};
		25ACCCD419A8FC5000B8BCAA /* Supporting Files */ = {
			isa = PBXGroup;
			children = (
				25ACCCD519A8FC5000B8BCAA /* Info.plist */,
			);
			name = "Supporting Files";
			sourceTree = "<group>";
		};
		25ACCCE619A8FC5100B8BCAA /* Swift TIp CalculatorTests */ = {
			isa = PBXGroup;
			children = (
				25ACCCE919A8FC5100B8BCAA /* Swift_TIp_CalculatorTests.swift */,
				25ACCCE719A8FC5100B8BCAA /* Supporting Files */,
			);
			path = "Swift TIp CalculatorTests";
			sourceTree = "<group>";
		};
		25ACCCE719A8FC5100B8BCAA /* Supporting Files */ = {
			isa = PBXGroup;
			children = (
				25ACCCE819A8FC5100B8BCAA /* Info.plist */,
			);
			name = "Supporting Files";
			sourceTree = "<group>";
		};
/* End PBXGroup section */

/* Begin PBXNativeTarget section */
		25ACCCD019A8FC5000B8BCAA /* Swift TIp Calculator */ = {
			isa = PBXNativeTarget;
			buildConfigurationList = 25ACCCED19A8FC5100B8BCAA /* Build configuration list for PBXNativeTarget "Swift TIp Calculator" */;
			buildPhases = (
				25ACCCCD19A8FC5000B8BCAA /* Sources */,
				25ACCCCE19A8FC5000B8BCAA /* Frameworks */,
				25ACCCCF19A8FC5000B8BCAA /* Resources */,
			);
			buildRules = (
			);
			dependencies = (
			);
			name = "Swift TIp Calculator";
			productName = "Swift TIp Calculator";
			productReference = 25ACCCD119A8FC5000B8BCAA /* Swift TIp Calculator.app */;
			productType = "com.apple.product-type.application";
		};
		25ACCCE219A8FC5100B8BCAA /* Swift TIp CalculatorTests */ = {
			isa = PBXNativeTarget;
			buildConfigurationList = 25ACCCF019A8FC5100B8BCAA /* Build configuration list for PBXNativeTarget "Swift TIp CalculatorTests" */;
			buildPhases = (
				25ACCCDF19A8FC5100B8BCAA /* Sources */,
				25ACCCE019A8FC5100B8BCAA /* Frameworks */,
				25ACCCE119A8FC5100B8BCAA /* Resources */,
			);
			buildRules = (
			);
			dependencies = (
				25ACCCE519A8FC5100B8BCAA /* PBXTargetDependency */,
			);
			name = "Swift TIp CalculatorTests";
			productName = "Swift TIp CalculatorTests";
			productReference = 25ACCCE319A8FC5100B8BCAA /* Swift TIp CalculatorTests.xctest */;
			productType = "com.apple.product-type.bundle.unit-test";
		};
/* End PBXNativeTarget section */

/* Begin PBXProject section */
		25ACCCC919A8FC5000B8BCAA /* Project object */ = {
			isa = PBXProject;
			attributes = {
				LastUpgradeCheck = 0600;
				ORGANIZATIONNAME = "Kevin Farst";
				TargetAttributes = {
					25ACCCD019A8FC5000B8BCAA = {
						CreatedOnToolsVersion = 6.0;
					};
					25ACCCE219A8FC5100B8BCAA = {
						CreatedOnToolsVersion = 6.0;
						TestTargetID = 25ACCCD019A8FC5000B8BCAA;
					};
				};
			};
			buildConfigurationList = 25ACCCCC19A8FC5000B8BCAA /* Build configuration list for PBXProject "Swift TIp Calculator" */;
			compatibilityVersion = "Xcode 3.2";
			developmentRegion = English;
			hasScannedForEncodings = 0;
			knownRegions = (
				en,
				Base,
			);
			mainGroup = 25ACCCC819A8FC5000B8BCAA;
			productRefGroup = 25ACCCD219A8FC5000B8BCAA /* Products */;
			projectDirPath = "";
			projectRoot = "";
			targets = (
				25ACCCD019A8FC5000B8BCAA /* Swift TIp Calculator */,
				25ACCCE219A8FC5100B8BCAA /* Swift TIp CalculatorTests */,
			);
		};
/* End PBXProject section */

/* Begin PBXResourcesBuildPhase section */
		25ACCCCF19A8FC5000B8BCAA /* Resources */ = {
			isa = PBXResourcesBuildPhase;
			buildActionMask = 2147483647;
			files = (
				25ACCCDC19A8FC5000B8BCAA /* Main.storyboard in Resources */,
				25ACCCDE19A8FC5000B8BCAA /* Images.xcassets in Resources */,
			);
			runOnlyForDeploymentPostprocessing = 0;
		};
		25ACCCE119A8FC5100B8BCAA /* Resources */ = {
			isa = PBXResourcesBuildPhase;
			buildActionMask = 2147483647;
			files = (
			);
			runOnlyForDeploymentPostprocessing = 0;
		};
/* End PBXResourcesBuildPhase section */

/* Begin PBXSourcesBuildPhase section */
		25ACCCCD19A8FC5000B8BCAA /* Sources */ = {
			isa = PBXSourcesBuildPhase;
			buildActionMask = 2147483647;
			files = (
				25ACCCD919A8FC5000B8BCAA /* ViewController.swift in Sources */,
				25ACCCD719A8FC5000B8BCAA /* AppDelegate.swift in Sources */,
				25ACCCF419A97F2900B8BCAA /* SettingsViewController.swift in Sources */,
			);
			runOnlyForDeploymentPostprocessing = 0;
		};
		25ACCCDF19A8FC5100B8BCAA /* Sources */ = {
			isa = PBXSourcesBuildPhase;
			buildActionMask = 2147483647;
			files = (
				25ACCCEA19A8FC5100B8BCAA /* Swift_TIp_CalculatorTests.swift in Sources */,
			);
			runOnlyForDeploymentPostprocessing = 0;
		};
/* End PBXSourcesBuildPhase section */

/* Begin PBXTargetDependency section */
		25ACCCE519A8FC5100B8BCAA /* PBXTargetDependency */ = {
			isa = PBXTargetDependency;
			target = 25ACCCD019A8FC5000B8BCAA /* Swift TIp Calculator */;
			targetProxy = 25ACCCE419A8FC5100B8BCAA /* PBXContainerItemProxy */;
		};
/* End PBXTargetDependency section */

/* Begin PBXVariantGroup section */
		25ACCCDA19A8FC5000B8BCAA /* Main.storyboard */ = {
			isa = PBXVariantGroup;
			children = (
				25ACCCDB19A8FC5000B8BCAA /* Base */,
			);
			name = Main.storyboard;
			sourceTree = "<group>";
		};
/* End PBXVariantGroup section */

/* Begin XCBuildConfiguration section */
		25ACCCEB19A8FC5100B8BCAA /* Debug */ = {
			isa = XCBuildConfiguration;
			buildSettings = {
				ALWAYS_SEARCH_USER_PATHS = NO;
				CLANG_CXX_LANGUAGE_STANDARD = "gnu++0x";
				CLANG_CXX_LIBRARY = "libc++";
				CLANG_ENABLE_MODULES = YES;
				CLANG_ENABLE_OBJC_ARC = YES;
				CLANG_WARN_BOOL_CONVERSION = YES;
				CLANG_WARN_CONSTANT_CONVERSION = YES;
				CLANG_WARN_DIRECT_OBJC_ISA_USAGE = YES_ERROR;
				CLANG_WARN_EMPTY_BODY = YES;
				CLANG_WARN_ENUM_CONVERSION = YES;
				CLANG_WARN_INT_CONVERSION = YES;
				CLANG_WARN_OBJC_ROOT_CLASS = YES_ERROR;
				CLANG_WARN_UNREACHABLE_CODE = YES;
				CLANG_WARN__DUPLICATE_METHOD_MATCH = YES;
				"CODE_SIGN_IDENTITY[sdk=iphoneos*]" = "iPhone Developer";
				COPY_PHASE_STRIP = NO;
				ENABLE_STRICT_OBJC_MSGSEND = YES;
				GCC_C_LANGUAGE_STANDARD = gnu99;
				GCC_DYNAMIC_NO_PIC = NO;
				GCC_OPTIMIZATION_LEVEL = 0;
				GCC_PREPROCESSOR_DEFINITIONS = (
					"DEBUG=1",
					"$(inherited)",
				);
				GCC_SYMBOLS_PRIVATE_EXTERN = NO;
				GCC_WARN_64_TO_32_BIT_CONVERSION = YES;
				GCC_WARN_ABOUT_RETURN_TYPE = YES_ERROR;
				GCC_WARN_UNDECLARED_SELECTOR = YES;
				GCC_WARN_UNINITIALIZED_AUTOS = YES_AGGRESSIVE;
				GCC_WARN_UNUSED_FUNCTION = YES;
				GCC_WARN_UNUSED_VARIABLE = YES;
				IPHONEOS_DEPLOYMENT_TARGET = 8.0;
				MTL_ENABLE_DEBUG_INFO = YES;
				ONLY_ACTIVE_ARCH = YES;
				SDKROOT = iphoneos;
				SWIFT_OPTIMIZATION_LEVEL = "-Onone";
			};
			name = Debug;
		};
		25ACCCEC19A8FC5100B8BCAA /* Release */ = {
			isa = XCBuildConfiguration;
			buildSettings = {
				ALWAYS_SEARCH_USER_PATHS = NO;
				CLANG_CXX_LANGUAGE_STANDARD = "gnu++0x";
				CLANG_CXX_LIBRARY = "libc++";
				CLANG_ENABLE_MODULES = YES;
				CLANG_ENABLE_OBJC_ARC = YES;
				CLANG_WARN_BOOL_CONVERSION = YES;
				CLANG_WARN_CONSTANT_CONVERSION = YES;
				CLANG_WARN_DIRECT_OBJC_ISA_USAGE = YES_ERROR;
				CLANG_WARN_EMPTY_BODY = YES;
				CLANG_WARN_ENUM_CONVERSION = YES;
				CLANG_WARN_INT_CONVERSION = YES;
				CLANG_WARN_OBJC_ROOT_CLASS = YES_ERROR;
				CLANG_WARN_UNREACHABLE_CODE = YES;
				CLANG_WARN__DUPLICATE_METHOD_MATCH = YES;
				"CODE_SIGN_IDENTITY[sdk=iphoneos*]" = "iPhone Developer";
				COPY_PHASE_STRIP = YES;
				ENABLE_NS_ASSERTIONS = NO;
				ENABLE_STRICT_OBJC_MSGSEND = YES;
				GCC_C_LANGUAGE_STANDARD = gnu99;
				GCC_WARN_64_TO_32_BIT_CONVERSION = YES;
				GCC_WARN_ABOUT_RETURN_TYPE = YES_ERROR;
				GCC_WARN_UNDECLARED_SELECTOR = YES;
				GCC_WARN_UNINITIALIZED_AUTOS = YES_AGGRESSIVE;
				GCC_WARN_UNUSED_FUNCTION = YES;
				GCC_WARN_UNUSED_VARIABLE = YES;
				IPHONEOS_DEPLOYMENT_TARGET = 8.0;
				MTL_ENABLE_DEBUG_INFO = NO;
				SDKROOT = iphoneos;
				VALIDATE_PRODUCT = YES;
			};
			name = Release;
		};
		25ACCCEE19A8FC5100B8BCAA /* Debug */ = {
			isa = XCBuildConfiguration;
			buildSettings = {
				ASSETCATALOG_COMPILER_APPICON_NAME = AppIcon;
				ASSETCATALOG_COMPILER_LAUNCHIMAGE_NAME = LaunchImage;
				INFOPLIST_FILE = "Swift TIp Calculator/Info.plist";
				IPHONEOS_DEPLOYMENT_TARGET = 7.0;
				LD_RUNPATH_SEARCH_PATHS = "$(inherited) @executable_path/Frameworks";
				PRODUCT_NAME = "$(TARGET_NAME)";
			};
			name = Debug;
		};
		25ACCCEF19A8FC5100B8BCAA /* Release */ = {
			isa = XCBuildConfiguration;
			buildSettings = {
				ASSETCATALOG_COMPILER_APPICON_NAME = AppIcon;
				ASSETCATALOG_COMPILER_LAUNCHIMAGE_NAME = LaunchImage;
				INFOPLIST_FILE = "Swift TIp Calculator/Info.plist";
				IPHONEOS_DEPLOYMENT_TARGET = 7.0;
				LD_RUNPATH_SEARCH_PATHS = "$(inherited) @executable_path/Frameworks";
				PRODUCT_NAME = "$(TARGET_NAME)";
			};
			name = Release;
		};
		25ACCCF119A8FC5100B8BCAA /* Debug */ = {
			isa = XCBuildConfiguration;
			buildSettings = {
				BUNDLE_LOADER = "$(BUILT_PRODUCTS_DIR)/Swift TIp Calculator.app/Swift TIp Calculator";
				FRAMEWORK_SEARCH_PATHS = (
					"$(SDKROOT)/Developer/Library/Frameworks",
					"$(inherited)",
				);
				GCC_PREPROCESSOR_DEFINITIONS = (
					"DEBUG=1",
					"$(inherited)",
				);
				INFOPLIST_FILE = "Swift TIp CalculatorTests/Info.plist";
				LD_RUNPATH_SEARCH_PATHS = "$(inherited) @executable_path/Frameworks @loader_path/Frameworks";
				PRODUCT_NAME = "$(TARGET_NAME)";
				TEST_HOST = "$(BUNDLE_LOADER)";
			};
			name = Debug;
		};
		25ACCCF219A8FC5100B8BCAA /* Release */ = {
			isa = XCBuildConfiguration;
			buildSettings = {
				BUNDLE_LOADER = "$(BUILT_PRODUCTS_DIR)/Swift TIp Calculator.app/Swift TIp Calculator";
				FRAMEWORK_SEARCH_PATHS = (
					"$(SDKROOT)/Developer/Library/Frameworks",
					"$(inherited)",
				);
				INFOPLIST_FILE = "Swift TIp CalculatorTests/Info.plist";
				LD_RUNPATH_SEARCH_PATHS = "$(inherited) @executable_path/Frameworks @loader_path/Frameworks";
				PRODUCT_NAME = "$(TARGET_NAME)";
				TEST_HOST = "$(BUNDLE_LOADER)";
			};
			name = Release;
		};
/* End XCBuildConfiguration section */

/* Begin XCConfigurationList section */
		25ACCCCC19A8FC5000B8BCAA /* Build configuration list for PBXProject "Swift TIp Calculator" */ = {
			isa = XCConfigurationList;
			buildConfigurations = (
				25ACCCEB19A8FC5100B8BCAA /* Debug */,
				25ACCCEC19A8FC5100B8BCAA /* Release */,
			);
			defaultConfigurationIsVisible = 0;
			defaultConfigurationName = Release;
		};
		25ACCCED19A8FC5100B8BCAA /* Build configuration list for PBXNativeTarget "Swift TIp Calculator" */ = {
			isa = XCConfigurationList;
			buildConfigurations = (
				25ACCCEE19A8FC5100B8BCAA /* Debug */,
				25ACCCEF19A8FC5100B8BCAA /* Release */,
			);
			defaultConfigurationIsVisible = 0;
		};
		25ACCCF019A8FC5100B8BCAA /* Build configuration list for PBXNativeTarget "Swift TIp CalculatorTests" */ = {
			isa = XCConfigurationList;
			buildConfigurations = (
				25ACCCF119A8FC5100B8BCAA /* Debug */,
				25ACCCF219A8FC5100B8BCAA /* Release */,
			);
			defaultConfigurationIsVisible = 0;
		};
/* End XCConfigurationList section */
	};
	rootObject = 25ACCCC919A8FC5000B8BCAA /* Project object */;
}
